
Microsoft Visual Studio Solution File, Format Version 12.00
# Visual Studio 14
VisualStudioVersion = 14.0.25420.1
MinimumVisualStudioVersion = 10.0.40219.1
Project("{FAE04EC0-301F-11D3-BF4B-00C04F79EFBC}") = "Checkout-Kata", "Checkout-Kata\Checkout-Kata.csproj", "{EC1F335E-C793-4688-AFCD-523A0278E346}"
EndProject
Project("{FAE04EC0-301F-11D3-BF4B-00C04F79EFBC}") = "Checkout-Logic", "Checkout-Logic\Checkout-Logic.csproj", "{91A04C5A-B4A2-4937-802A-3AE2640DBF47}"
EndProject
Project("{FAE04EC0-301F-11D3-BF4B-00C04F79EFBC}") = "Checkout-Tests", "Checkout-Tests\Checkout-Tests.csproj", "{35DDCDCB-1A05-4592-8656-9CD7B866A5D0}"
EndProject
Global
	GlobalSection(SolutionConfigurationPlatforms) = preSolution
		Debug|Any CPU = Debug|Any CPU
		Release|Any CPU = Release|Any CPU
	EndGlobalSection
	GlobalSection(ProjectConfigurationPlatforms) = postSolution
		{EC1F335E-C793-4688-AFCD-523A0278E346}.Debug|Any CPU.ActiveCfg = Debug|Any CPU
		{EC1F335E-C793-4688-AFCD-523A0278E346}.Debug|Any CPU.Build.0 = Debug|Any CPU
		{EC1F335E-C793-4688-AFCD-523A0278E346}.Release|Any CPU.ActiveCfg = Release|Any CPU
		{EC1F335E-C793-4688-AFCD-523A0278E346}.Release|Any CPU.Build.0 = Release|Any CPU
		{91A04C5A-B4A2-4937-802A-3AE2640DBF47}.Debug|Any CPU.ActiveCfg = Debug|Any CPU
		{91A04C5A-B4A2-4937-802A-3AE2640DBF47}.Debug|Any CPU.Build.0 = Debug|Any CPU
		{91A04C5A-B4A2-4937-802A-3AE2640DBF47}.Release|Any CPU.ActiveCfg = Release|Any CPU
		{91A04C5A-B4A2-4937-802A-3AE2640DBF47}.Release|Any CPU.Build.0 = Release|Any CPU
		{35DDCDCB-1A05-4592-8656-9CD7B866A5D0}.Debug|Any CPU.ActiveCfg = Debug|Any CPU
		{35DDCDCB-1A05-4592-8656-9CD7B866A5D0}.Debug|Any CPU.Build.0 = Debug|Any CPU
		{35DDCDCB-1A05-4592-8656-9CD7B866A5D0}.Release|Any CPU.ActiveCfg = Release|Any CPU
		{35DDCDCB-1A05-4592-8656-9CD7B866A5D0}.Release|Any CPU.Build.0 = Release|Any CPU
	EndGlobalSection
	GlobalSection(SolutionProperties) = preSolution
		HideSolutionNode = FALSE
	EndGlobalSection
EndGlobal
